
Microsoft Visual Studio Solution File, Format Version 12.00
# Visual Studio Version 17
VisualStudioVersion = 17.4.33110.190
MinimumVisualStudioVersion = 10.0.40219.1
Project("{FAE04EC0-301F-11D3-BF4B-00C04F79EFBC}") = "PM03", "PM03.csproj", "{6E3DF3A0-D9E9-4625-A0DA-709466963304}"
EndProject
Global
	GlobalSection(SolutionConfigurationPlatforms) = preSolution
		Debug|Any CPU = Debug|Any CPU
		Release|Any CPU = Release|Any CPU
	EndGlobalSection
	GlobalSection(ProjectConfigurationPlatforms) = postSolution
		{6E3DF3A0-D9E9-4625-A0DA-709466963304}.Debug|Any CPU.ActiveCfg = Debug|Any CPU
		{6E3DF3A0-D9E9-4625-A0DA-709466963304}.Debug|Any CPU.Build.0 = Debug|Any CPU
		{6E3DF3A0-D9E9-4625-A0DA-709466963304}.Release|Any CPU.ActiveCfg = Release|Any CPU
		{6E3DF3A0-D9E9-4625-A0DA-709466963304}.Release|Any CPU.Build.0 = Release|Any CPU
	EndGlobalSection
	GlobalSection(SolutionProperties) = preSolution
		HideSolutionNode = FALSE
	EndGlobalSection
	GlobalSection(ExtensibilityGlobals) = postSolution
		SolutionGuid = {BBE4B155-8C64-44EA-B6BA-F7ECC2A14830}
	EndGlobalSection
EndGlobal
